
Microsoft Visual Studio Solution File, Format Version 12.00
# Visual Studio Version 17
VisualStudioVersion = 17.10.35013.160
MinimumVisualStudioVersion = 10.0.40219.1
Project("{2150E333-8FDC-42A3-9474-1A3956D46DE8}") = "ApiGateway", "ApiGateway", "{A1000000-0000-0000-0000-000000000001}"
EndProject
Project("{2150E333-8FDC-42A3-9474-1A3956D46DE8}") = "Services", "Services", "{A2000000-0000-0000-0000-000000000002}"
EndProject
Project("{2150E333-8FDC-42A3-9474-1A3956D46DE8}") = "BuildingBlocks", "BuildingBlocks", "{A3000000-0000-0000-0000-000000000003}"
EndProject
Project("{2150E333-8FDC-42A3-9474-1A3956D46DE8}") = "UserService", "UserService", "{B1000000-0000-0000-0000-000000000001}"
EndProject
Project("{2150E333-8FDC-42A3-9474-1A3956D46DE8}") = "CatalogService", "CatalogService", "{B2000000-0000-0000-0000-000000000002}"
EndProject
Project("{2150E333-8FDC-42A3-9474-1A3956D46DE8}") = "ChatService", "ChatService", "{B3000000-0000-0000-0000-000000000003}"
EndProject
Project("{2150E333-8FDC-42A3-9474-1A3956D46DE8}") = "NotificationService", "NotificationService", "{B4000000-0000-0000-0000-000000000004}"
EndProject
Project("{2150E333-8FDC-42A3-9474-1A3956D46DE8}") = "ReviewService", "ReviewService", "{B5000000-0000-0000-0000-000000000005}"
EndProject
Project("{FAE04EC0-301F-11D3-BF4B-00C04F79EFBC}") = "TrustMarket.ApiGateway", "src\ApiGateway\TrustMarket.ApiGateway\TrustMarket.ApiGateway.csproj", "{C1000000-0000-0000-0000-000000000001}"
EndProject
Project("{FAE04EC0-301F-11D3-BF4B-00C04F79EFBC}") = "TrustMarket.Shared.Common", "src\BuildingBlocks\TrustMarket.Shared.Common\TrustMarket.Shared.Common.csproj", "{C2000000-0000-0000-0000-000000000001}"
EndProject
Project("{FAE04EC0-301F-11D3-BF4B-00C04F79EFBC}") = "TrustMarket.Shared.Contracts", "src\BuildingBlocks\TrustMarket.Shared.Contracts\TrustMarket.Shared.Contracts.csproj", "{C2000000-0000-0000-0000-000000000002}"
EndProject
Project("{FAE04EC0-301F-11D3-BF4B-00C04F79EFBC}") = "TrustMarket.Shared.EventBus", "src\BuildingBlocks\TrustMarket.Shared.EventBus\TrustMarket.Shared.EventBus.csproj", "{C2000000-0000-0000-0000-000000000003}"
EndProject
Project("{FAE04EC0-301F-11D3-BF4B-00C04F79EFBC}") = "TrustMarket.UserService.Api", "src\Services\UserService\TrustMarket.UserService.Api\TrustMarket.UserService.Api.csproj", "{D1000000-0000-0000-0000-000000000001}"
EndProject
Project("{FAE04EC0-301F-11D3-BF4B-00C04F79EFBC}") = "TrustMarket.UserService.Application", "src\Services\UserService\TrustMarket.UserService.Application\TrustMarket.UserService.Application.csproj", "{D1000000-0000-0000-0000-000000000002}"
EndProject
Project("{FAE04EC0-301F-11D3-BF4B-00C04F79EFBC}") = "TrustMarket.UserService.Domain", "src\Services\UserService\TrustMarket.UserService.Domain\TrustMarket.UserService.Domain.csproj", "{D1000000-0000-0000-0000-000000000003}"
EndProject
Project("{FAE04EC0-301F-11D3-BF4B-00C04F79EFBC}") = "TrustMarket.UserService.Infrastructure", "src\Services\UserService\TrustMarket.UserService.Infrastructure\TrustMarket.UserService.Infrastructure.csproj", "{D1000000-0000-0000-0000-000000000004}"
EndProject
Project("{FAE04EC0-301F-11D3-BF4B-00C04F79EFBC}") = "TrustMarket.CatalogService.Domain", "src\Services\CatalogService\TrustMarket.CatalogService.Domain\TrustMarket.CatalogService.Domain.csproj", "{D2000000-0000-0000-0000-000000000003}"
EndProject
Project("{FAE04EC0-301F-11D3-BF4B-00C04F79EFBC}") = "TrustMarket.CatalogService.Application", "src\Services\CatalogService\TrustMarket.CatalogService.Application\TrustMarket.CatalogService.Application.csproj", "{D2000000-0000-0000-0000-000000000002}"
EndProject
Project("{FAE04EC0-301F-11D3-BF4B-00C04F79EFBC}") = "TrustMarket.CatalogService.Infrastructure", "src\Services\CatalogService\TrustMarket.CatalogService.Infrastructure\TrustMarket.CatalogService.Infrastructure.csproj", "{D2000000-0000-0000-0000-000000000004}"
EndProject
Project("{FAE04EC0-301F-11D3-BF4B-00C04F79EFBC}") = "TrustMarket.CatalogService.Api", "src\Services\CatalogService\TrustMarket.CatalogService.Api\TrustMarket.CatalogService.Api.csproj", "{D2000000-0000-0000-0000-000000000001}"
EndProject
Project("{FAE04EC0-301F-11D3-BF4B-00C04F79EFBC}") = "TrustMarket.ChatService.Domain", "src\Services\ChatService\TrustMarket.ChatService.Domain\TrustMarket.ChatService.Domain.csproj", "{D3000000-0000-0000-0000-000000000003}"
EndProject
Project("{FAE04EC0-301F-11D3-BF4B-00C04F79EFBC}") = "TrustMarket.ChatService.Application", "src\Services\ChatService\TrustMarket.ChatService.Application\TrustMarket.ChatService.Application.csproj", "{D3000000-0000-0000-0000-000000000002}"
EndProject
Project("{FAE04EC0-301F-11D3-BF4B-00C04F79EFBC}") = "TrustMarket.ChatService.Infrastructure", "src\Services\ChatService\TrustMarket.ChatService.Infrastructure\TrustMarket.ChatService.Infrastructure.csproj", "{D3000000-0000-0000-0000-000000000004}"
EndProject
Project("{FAE04EC0-301F-11D3-BF4B-00C04F79EFBC}") = "TrustMarket.ChatService.Api", "src\Services\ChatService\TrustMarket.ChatService.Api\TrustMarket.ChatService.Api.csproj", "{D3000000-0000-0000-0000-000000000001}"
EndProject
Project("{FAE04EC0-301F-11D3-BF4B-00C04F79EFBC}") = "TrustMarket.NotificationService.Application", "src\Services\NotificationService\TrustMarket.NotificationService.Application\TrustMarket.NotificationService.Application.csproj", "{D4000000-0000-0000-0000-000000000002}"
EndProject
Project("{FAE04EC0-301F-11D3-BF4B-00C04F79EFBC}") = "TrustMarket.NotificationService.Infrastructure", "src\Services\NotificationService\TrustMarket.NotificationService.Infrastructure\TrustMarket.NotificationService.Infrastructure.csproj", "{D4000000-0000-0000-0000-000000000004}"
EndProject
Project("{FAE04EC0-301F-11D3-BF4B-00C04F79EFBC}") = "TrustMarket.NotificationService.Api", "src\Services\NotificationService\TrustMarket.NotificationService.Api\TrustMarket.NotificationService.Api.csproj", "{D4000000-0000-0000-0000-000000000001}"
EndProject
Project("{FAE04EC0-301F-11D3-BF4B-00C04F79EFBC}") = "TrustMarket.ChatService.UnitTests", "tests\TrustMarket.ChatService.UnitTests\TrustMarket.ChatService.UnitTests.csproj", "{E1000000-0000-0000-0000-000000000001}"
EndProject
Project("{FAE04EC0-301F-11D3-BF4B-00C04F79EFBC}") = "TrustMarket.UserService.UnitTests", "tests\TrustMarket.UserService.UnitTests\TrustMarket.UserService.UnitTests.csproj", "{E2000000-0000-0000-0000-000000000001}"
EndProject
Project("{2150E333-8FDC-42A3-9474-1A3956D46DE8}") = "FinanceService", "FinanceService", "{5D5F1A51-413C-51CF-0AA2-A9CBE0E1EBD9}"
EndProject
Project("{FAE04EC0-301F-11D3-BF4B-00C04F79EFBC}") = "TrustMarket.FinanceService.Domain", "src\Services\FinanceService\TrustMarket.FinanceService.Domain\TrustMarket.FinanceService.Domain.csproj", "{2DABFE20-4E91-460D-B54A-A4C398E05D7E}"
EndProject
Project("{FAE04EC0-301F-11D3-BF4B-00C04F79EFBC}") = "TrustMarket.FinanceService.Application", "src\Services\FinanceService\TrustMarket.FinanceService.Application\TrustMarket.FinanceService.Application.csproj", "{95C164F8-0813-43C5-9416-EC52B98878A6}"
EndProject
Project("{FAE04EC0-301F-11D3-BF4B-00C04F79EFBC}") = "TrustMarket.FinanceService.Infrastructure", "src\Services\FinanceService\TrustMarket.FinanceService.Infrastructure\TrustMarket.FinanceService.Infrastructure.csproj", "{F9BFE604-BD8D-46F4-8DB6-1047F9849D7B}"
EndProject
Project("{FAE04EC0-301F-11D3-BF4B-00C04F79EFBC}") = "TrustMarket.FinanceService.Api", "src\Services\FinanceService\TrustMarket.FinanceService.Api\TrustMarket.FinanceService.Api.csproj", "{0CD2EF9D-21A8-4259-BCAE-EB4B240E533E}"
EndProject
Project("{2150E333-8FDC-42A3-9474-1A3956D46DE8}") = "Tests", "Tests", "{0AB3BF05-4346-4AA6-1389-037BE0695223}"
EndProject
Project("{FAE04EC0-301F-11D3-BF4B-00C04F79EFBC}") = "TrustMarket.FinanceService.UnitTests", "tests\TrustMarket.FinanceService.UnitTests\TrustMarket.FinanceService.UnitTests.csproj", "{D2CB1317-DA35-40F7-ACFA-BF6256736BC5}"
EndProject
Project("{FAE04EC0-301F-11D3-BF4B-00C04F79EFBC}") = "TrustMarket.CatalogService.UnitTests", "tests\TrustMarket.CatalogService.UnitTests\TrustMarket.CatalogService.UnitTests.csproj", "{A64E688A-8695-4DB2-85B9-E088EB3B8B47}"
EndProject
Project("{FAE04EC0-301F-11D3-BF4B-00C04F79EFBC}") = "TrustMarket.ReviewService.UnitTests", "tests\TrustMarket.ReviewService.UnitTests\TrustMarket.ReviewService.UnitTests.csproj", "{0C0BD189-36D7-4C58-990A-D5F37C908B66}"
EndProject
Project("{FAE04EC0-301F-11D3-BF4B-00C04F79EFBC}") = "TrustMarket.TestInfrastructure", "tests\TrustMarket.TestInfrastructure\TrustMarket.TestInfrastructure.csproj", "{0BCB6F9E-29CF-4AA6-98B2-595E5C66841B}"
EndProject
Project("{FAE04EC0-301F-11D3-BF4B-00C04F79EFBC}") = "TrustMarket.UserService.IntegrationTests", "tests\TrustMarket.UserService.IntegrationTests\TrustMarket.UserService.IntegrationTests.csproj", "{BC6FCB94-851D-441B-AB54-7D6CCCB40AF0}"
EndProject
Project("{FAE04EC0-301F-11D3-BF4B-00C04F79EFBC}") = "TrustMarket.CatalogService.IntegrationTests", "tests\TrustMarket.CatalogService.IntegrationTests\TrustMarket.CatalogService.IntegrationTests.csproj", "{E22D7903-7FF3-48D0-BB6A-A9DABE9C8068}"
EndProject
Project("{FAE04EC0-301F-11D3-BF4B-00C04F79EFBC}") = "TrustMarket.FinanceService.IntegrationTests", "tests\TrustMarket.FinanceService.IntegrationTests\TrustMarket.FinanceService.IntegrationTests.csproj", "{ABC8A95D-CFCB-4624-BAD8-55728003F2D8}"
EndProject
Project("{FAE04EC0-301F-11D3-BF4B-00C04F79EFBC}") = "TrustMarket.ReviewService.IntegrationTests", "tests\TrustMarket.ReviewService.IntegrationTests\TrustMarket.ReviewService.IntegrationTests.csproj", "{E12BE87F-7EC8-4B0C-AC01-AC095375D657}"
EndProject
Project("{FAE04EC0-301F-11D3-BF4B-00C04F79EFBC}") = "TrustMarket.ChatService.IntegrationTests", "tests\TrustMarket.ChatService.IntegrationTests\TrustMarket.ChatService.IntegrationTests.csproj", "{A968093A-CD1D-4576-A70F-3442EEF667BA}"
EndProject
Project("{FAE04EC0-301F-11D3-BF4B-00C04F79EFBC}") = "TrustMarket.NotificationService.IntegrationTests", "tests\TrustMarket.NotificationService.IntegrationTests\TrustMarket.NotificationService.IntegrationTests.csproj", "{FB51C9EA-344E-47A2-850E-7ED85FCE006D}"
EndProject
Project("{FAE04EC0-301F-11D3-BF4B-00C04F79EFBC}") = "TrustMarket.ReviewService.Domain", "src\Services\ReviewService\TrustMarket.ReviewService.Domain\TrustMarket.ReviewService.Domain.csproj", "{9EF15919-1A15-40BC-BD91-A60CC5594E22}"
EndProject
Project("{FAE04EC0-301F-11D3-BF4B-00C04F79EFBC}") = "TrustMarket.ReviewService.Application", "src\Services\ReviewService\TrustMarket.ReviewService.Application\TrustMarket.ReviewService.Application.csproj", "{E95DFB2B-B125-4B1B-9063-AB8A8B75E367}"
EndProject
Project("{FAE04EC0-301F-11D3-BF4B-00C04F79EFBC}") = "TrustMarket.ReviewService.Infrastructure", "src\Services\ReviewService\TrustMarket.ReviewService.Infrastructure\TrustMarket.ReviewService.Infrastructure.csproj", "{40925E1F-E4F0-438D-AA22-14E258A44CE1}"
EndProject
Project("{FAE04EC0-301F-11D3-BF4B-00C04F79EFBC}") = "TrustMarket.ReviewService.Api", "src\Services\ReviewService\TrustMarket.ReviewService.Api\TrustMarket.ReviewService.Api.csproj", "{FADC5A9B-915D-49A2-8D9D-96CC3145AECF}"
EndProject
Global
	GlobalSection(SolutionConfigurationPlatforms) = preSolution
		Debug|Any CPU = Debug|Any CPU
		Debug|x64 = Debug|x64
		Debug|x86 = Debug|x86
		Release|Any CPU = Release|Any CPU
		Release|x64 = Release|x64
		Release|x86 = Release|x86
	EndGlobalSection
	GlobalSection(ProjectConfigurationPlatforms) = postSolution
		{C1000000-0000-0000-0000-000000000001}.Debug|Any CPU.ActiveCfg = Debug|Any CPU
		{C1000000-0000-0000-0000-000000000001}.Debug|Any CPU.Build.0 = Debug|Any CPU
		{C1000000-0000-0000-0000-000000000001}.Debug|x64.ActiveCfg = Debug|Any CPU
		{C1000000-0000-0000-0000-000000000001}.Debug|x64.Build.0 = Debug|Any CPU
		{C1000000-0000-0000-0000-000000000001}.Debug|x86.ActiveCfg = Debug|Any CPU
		{C1000000-0000-0000-0000-000000000001}.Debug|x86.Build.0 = Debug|Any CPU
		{C1000000-0000-0000-0000-000000000001}.Release|Any CPU.ActiveCfg = Release|Any CPU
		{C1000000-0000-0000-0000-000000000001}.Release|Any CPU.Build.0 = Release|Any CPU
		{C1000000-0000-0000-0000-000000000001}.Release|x64.ActiveCfg = Release|Any CPU
		{C1000000-0000-0000-0000-000000000001}.Release|x64.Build.0 = Release|Any CPU
		{C1000000-0000-0000-0000-000000000001}.Release|x86.ActiveCfg = Release|Any CPU
		{C1000000-0000-0000-0000-000000000001}.Release|x86.Build.0 = Release|Any CPU
		{C2000000-0000-0000-0000-000000000001}.Debug|Any CPU.ActiveCfg = Debug|Any CPU
		{C2000000-0000-0000-0000-000000000001}.Debug|Any CPU.Build.0 = Debug|Any CPU
		{C2000000-0000-0000-0000-000000000001}.Debug|x64.ActiveCfg = Debug|Any CPU
		{C2000000-0000-0000-0000-000000000001}.Debug|x64.Build.0 = Debug|Any CPU
		{C2000000-0000-0000-0000-000000000001}.Debug|x86.ActiveCfg = Debug|Any CPU
		{C2000000-0000-0000-0000-000000000001}.Debug|x86.Build.0 = Debug|Any CPU
		{C2000000-0000-0000-0000-000000000001}.Release|Any CPU.ActiveCfg = Release|Any CPU
		{C2000000-0000-0000-0000-000000000001}.Release|Any CPU.Build.0 = Release|Any CPU
		{C2000000-0000-0000-0000-000000000001}.Release|x64.ActiveCfg = Release|Any CPU
		{C2000000-0000-0000-0000-000000000001}.Release|x64.Build.0 = Release|Any CPU
		{C2000000-0000-0000-0000-000000000001}.Release|x86.ActiveCfg = Release|Any CPU
		{C2000000-0000-0000-0000-000000000001}.Release|x86.Build.0 = Release|Any CPU
		{C2000000-0000-0000-0000-000000000002}.Debug|Any CPU.ActiveCfg = Debug|Any CPU
		{C2000000-0000-0000-0000-000000000002}.Debug|Any CPU.Build.0 = Debug|Any CPU
		{C2000000-0000-0000-0000-000000000002}.Debug|x64.ActiveCfg = Debug|Any CPU
		{C2000000-0000-0000-0000-000000000002}.Debug|x64.Build.0 = Debug|Any CPU
		{C2000000-0000-0000-0000-000000000002}.Debug|x86.ActiveCfg = Debug|Any CPU
		{C2000000-0000-0000-0000-000000000002}.Debug|x86.Build.0 = Debug|Any CPU
		{C2000000-0000-0000-0000-000000000002}.Release|Any CPU.ActiveCfg = Release|Any CPU
		{C2000000-0000-0000-0000-000000000002}.Release|Any CPU.Build.0 = Release|Any CPU
		{C2000000-0000-0000-0000-000000000002}.Release|x64.ActiveCfg = Release|Any CPU
		{C2000000-0000-0000-0000-000000000002}.Release|x64.Build.0 = Release|Any CPU
		{C2000000-0000-0000-0000-000000000002}.Release|x86.ActiveCfg = Release|Any CPU
		{C2000000-0000-0000-0000-000000000002}.Release|x86.Build.0 = Release|Any CPU
		{C2000000-0000-0000-0000-000000000003}.Debug|Any CPU.ActiveCfg = Debug|Any CPU
		{C2000000-0000-0000-0000-000000000003}.Debug|Any CPU.Build.0 = Debug|Any CPU
		{C2000000-0000-0000-0000-000000000003}.Debug|x64.ActiveCfg = Debug|Any CPU
		{C2000000-0000-0000-0000-000000000003}.Debug|x64.Build.0 = Debug|Any CPU
		{C2000000-0000-0000-0000-000000000003}.Debug|x86.ActiveCfg = Debug|Any CPU
		{C2000000-0000-0000-0000-000000000003}.Debug|x86.Build.0 = Debug|Any CPU
		{C2000000-0000-0000-0000-000000000003}.Release|Any CPU.ActiveCfg = Release|Any CPU
		{C2000000-0000-0000-0000-000000000003}.Release|Any CPU.Build.0 = Release|Any CPU
		{C2000000-0000-0000-0000-000000000003}.Release|x64.ActiveCfg = Release|Any CPU
		{C2000000-0000-0000-0000-000000000003}.Release|x64.Build.0 = Release|Any CPU
		{C2000000-0000-0000-0000-000000000003}.Release|x86.ActiveCfg = Release|Any CPU
		{C2000000-0000-0000-0000-000000000003}.Release|x86.Build.0 = Release|Any CPU
		{D1000000-0000-0000-0000-000000000001}.Debug|Any CPU.ActiveCfg = Debug|Any CPU
		{D1000000-0000-0000-0000-000000000001}.Debug|Any CPU.Build.0 = Debug|Any CPU
		{D1000000-0000-0000-0000-000000000001}.Debug|x64.ActiveCfg = Debug|Any CPU
		{D1000000-0000-0000-0000-000000000001}.Debug|x64.Build.0 = Debug|Any CPU
		{D1000000-0000-0000-0000-000000000001}.Debug|x86.ActiveCfg = Debug|Any CPU
		{D1000000-0000-0000-0000-000000000001}.Debug|x86.Build.0 = Debug|Any CPU
		{D1000000-0000-0000-0000-000000000001}.Release|Any CPU.ActiveCfg = Release|Any CPU
		{D1000000-0000-0000-0000-000000000001}.Release|Any CPU.Build.0 = Release|Any CPU
		{D1000000-0000-0000-0000-000000000001}.Release|x64.ActiveCfg = Release|Any CPU
		{D1000000-0000-0000-0000-000000000001}.Release|x64.Build.0 = Release|Any CPU
		{D1000000-0000-0000-0000-000000000001}.Release|x86.ActiveCfg = Release|Any CPU
		{D1000000-0000-0000-0000-000000000001}.Release|x86.Build.0 = Release|Any CPU
		{D1000000-0000-0000-0000-000000000002}.Debug|Any CPU.ActiveCfg = Debug|Any CPU
		{D1000000-0000-0000-0000-000000000002}.Debug|Any CPU.Build.0 = Debug|Any CPU
		{D1000000-0000-0000-0000-000000000002}.Debug|x64.ActiveCfg = Debug|Any CPU
		{D1000000-0000-0000-0000-000000000002}.Debug|x64.Build.0 = Debug|Any CPU
		{D1000000-0000-0000-0000-000000000002}.Debug|x86.ActiveCfg = Debug|Any CPU
		{D1000000-0000-0000-0000-000000000002}.Debug|x86.Build.0 = Debug|Any CPU
		{D1000000-0000-0000-0000-000000000002}.Release|Any CPU.ActiveCfg = Release|Any CPU
		{D1000000-0000-0000-0000-000000000002}.Release|Any CPU.Build.0 = Release|Any CPU
		{D1000000-0000-0000-0000-000000000002}.Release|x64.ActiveCfg = Release|Any CPU
		{D1000000-0000-0000-0000-000000000002}.Release|x64.Build.0 = Release|Any CPU
		{D1000000-0000-0000-0000-000000000002}.Release|x86.ActiveCfg = Release|Any CPU
		{D1000000-0000-0000-0000-000000000002}.Release|x86.Build.0 = Release|Any CPU
		{D1000000-0000-0000-0000-000000000003}.Debug|Any CPU.ActiveCfg = Debug|Any CPU
		{D1000000-0000-0000-0000-000000000003}.Debug|Any CPU.Build.0 = Debug|Any CPU
		{D1000000-0000-0000-0000-000000000003}.Debug|x64.ActiveCfg = Debug|Any CPU
		{D1000000-0000-0000-0000-000000000003}.Debug|x64.Build.0 = Debug|Any CPU
		{D1000000-0000-0000-0000-000000000003}.Debug|x86.ActiveCfg = Debug|Any CPU
		{D1000000-0000-0000-0000-000000000003}.Debug|x86.Build.0 = Debug|Any CPU
		{D1000000-0000-0000-0000-000000000003}.Release|Any CPU.ActiveCfg = Release|Any CPU
		{D1000000-0000-0000-0000-000000000003}.Release|Any CPU.Build.0 = Release|Any CPU
		{D1000000-0000-0000-0000-000000000003}.Release|x64.ActiveCfg = Release|Any CPU
		{D1000000-0000-0000-0000-000000000003}.Release|x64.Build.0 = Release|Any CPU
		{D1000000-0000-0000-0000-000000000003}.Release|x86.ActiveCfg = Release|Any CPU
		{D1000000-0000-0000-0000-000000000003}.Release|x86.Build.0 = Release|Any CPU
		{D1000000-0000-0000-0000-000000000004}.Debug|Any CPU.ActiveCfg = Debug|Any CPU
		{D1000000-0000-0000-0000-000000000004}.Debug|Any CPU.Build.0 = Debug|Any CPU
		{D1000000-0000-0000-0000-000000000004}.Debug|x64.ActiveCfg = Debug|Any CPU
		{D1000000-0000-0000-0000-000000000004}.Debug|x64.Build.0 = Debug|Any CPU
		{D1000000-0000-0000-0000-000000000004}.Debug|x86.ActiveCfg = Debug|Any CPU
		{D1000000-0000-0000-0000-000000000004}.Debug|x86.Build.0 = Debug|Any CPU
		{D1000000-0000-0000-0000-000000000004}.Release|Any CPU.ActiveCfg = Release|Any CPU
		{D1000000-0000-0000-0000-000000000004}.Release|Any CPU.Build.0 = Release|Any CPU
		{D1000000-0000-0000-0000-000000000004}.Release|x64.ActiveCfg = Release|Any CPU
		{D1000000-0000-0000-0000-000000000004}.Release|x64.Build.0 = Release|Any CPU
		{D1000000-0000-0000-0000-000000000004}.Release|x86.ActiveCfg = Release|Any CPU
		{D1000000-0000-0000-0000-000000000004}.Release|x86.Build.0 = Release|Any CPU
		{D2000000-0000-0000-0000-000000000003}.Debug|Any CPU.ActiveCfg = Debug|Any CPU
		{D2000000-0000-0000-0000-000000000003}.Debug|Any CPU.Build.0 = Debug|Any CPU
		{D2000000-0000-0000-0000-000000000003}.Debug|x64.ActiveCfg = Debug|Any CPU
		{D2000000-0000-0000-0000-000000000003}.Debug|x64.Build.0 = Debug|Any CPU
		{D2000000-0000-0000-0000-000000000003}.Debug|x86.ActiveCfg = Debug|Any CPU
		{D2000000-0000-0000-0000-000000000003}.Debug|x86.Build.0 = Debug|Any CPU
		{D2000000-0000-0000-0000-000000000003}.Release|Any CPU.ActiveCfg = Release|Any CPU
		{D2000000-0000-0000-0000-000000000003}.Release|Any CPU.Build.0 = Release|Any CPU
		{D2000000-0000-0000-0000-000000000003}.Release|x64.ActiveCfg = Release|Any CPU
		{D2000000-0000-0000-0000-000000000003}.Release|x64.Build.0 = Release|Any CPU
		{D2000000-0000-0000-0000-000000000003}.Release|x86.ActiveCfg = Release|Any CPU
		{D2000000-0000-0000-0000-000000000003}.Release|x86.Build.0 = Release|Any CPU
		{D2000000-0000-0000-0000-000000000002}.Debug|Any CPU.ActiveCfg = Debug|Any CPU
		{D2000000-0000-0000-0000-000000000002}.Debug|Any CPU.Build.0 = Debug|Any CPU
		{D2000000-0000-0000-0000-000000000002}.Debug|x64.ActiveCfg = Debug|Any CPU
		{D2000000-0000-0000-0000-000000000002}.Debug|x64.Build.0 = Debug|Any CPU
		{D2000000-0000-0000-0000-000000000002}.Debug|x86.ActiveCfg = Debug|Any CPU
		{D2000000-0000-0000-0000-000000000002}.Debug|x86.Build.0 = Debug|Any CPU
		{D2000000-0000-0000-0000-000000000002}.Release|Any CPU.ActiveCfg = Release|Any CPU
		{D2000000-0000-0000-0000-000000000002}.Release|Any CPU.Build.0 = Release|Any CPU
		{D2000000-0000-0000-0000-000000000002}.Release|x64.ActiveCfg = Release|Any CPU
		{D2000000-0000-0000-0000-000000000002}.Release|x64.Build.0 = Release|Any CPU
		{D2000000-0000-0000-0000-000000000002}.Release|x86.ActiveCfg = Release|Any CPU
		{D2000000-0000-0000-0000-000000000002}.Release|x86.Build.0 = Release|Any CPU
		{D2000000-0000-0000-0000-000000000004}.Debug|Any CPU.ActiveCfg = Debug|Any CPU
		{D2000000-0000-0000-0000-000000000004}.Debug|Any CPU.Build.0 = Debug|Any CPU
		{D2000000-0000-0000-0000-000000000004}.Debug|x64.ActiveCfg = Debug|Any CPU
		{D2000000-0000-0000-0000-000000000004}.Debug|x64.Build.0 = Debug|Any CPU
		{D2000000-0000-0000-0000-000000000004}.Debug|x86.ActiveCfg = Debug|Any CPU
		{D2000000-0000-0000-0000-000000000004}.Debug|x86.Build.0 = Debug|Any CPU
		{D2000000-0000-0000-0000-000000000004}.Release|Any CPU.ActiveCfg = Release|Any CPU
		{D2000000-0000-0000-0000-000000000004}.Release|Any CPU.Build.0 = Release|Any CPU
		{D2000000-0000-0000-0000-000000000004}.Release|x64.ActiveCfg = Release|Any CPU
		{D2000000-0000-0000-0000-000000000004}.Release|x64.Build.0 = Release|Any CPU
		{D2000000-0000-0000-0000-000000000004}.Release|x86.ActiveCfg = Release|Any CPU
		{D2000000-0000-0000-0000-000000000004}.Release|x86.Build.0 = Release|Any CPU
		{D2000000-0000-0000-0000-000000000001}.Debug|Any CPU.ActiveCfg = Debug|Any CPU
		{D2000000-0000-0000-0000-000000000001}.Debug|Any CPU.Build.0 = Debug|Any CPU
		{D2000000-0000-0000-0000-000000000001}.Debug|x64.ActiveCfg = Debug|Any CPU
		{D2000000-0000-0000-0000-000000000001}.Debug|x64.Build.0 = Debug|Any CPU
		{D2000000-0000-0000-0000-000000000001}.Debug|x86.ActiveCfg = Debug|Any CPU
		{D2000000-0000-0000-0000-000000000001}.Debug|x86.Build.0 = Debug|Any CPU
		{D2000000-0000-0000-0000-000000000001}.Release|Any CPU.ActiveCfg = Release|Any CPU
		{D2000000-0000-0000-0000-000000000001}.Release|Any CPU.Build.0 = Release|Any CPU
		{D2000000-0000-0000-0000-000000000001}.Release|x64.ActiveCfg = Release|Any CPU
		{D2000000-0000-0000-0000-000000000001}.Release|x64.Build.0 = Release|Any CPU
		{D2000000-0000-0000-0000-000000000001}.Release|x86.ActiveCfg = Release|Any CPU
		{D2000000-0000-0000-0000-000000000001}.Release|x86.Build.0 = Release|Any CPU
		{D3000000-0000-0000-0000-000000000003}.Debug|Any CPU.ActiveCfg = Debug|Any CPU
		{D3000000-0000-0000-0000-000000000003}.Debug|Any CPU.Build.0 = Debug|Any CPU
		{D3000000-0000-0000-0000-000000000003}.Debug|x64.ActiveCfg = Debug|Any CPU
		{D3000000-0000-0000-0000-000000000003}.Debug|x64.Build.0 = Debug|Any CPU
		{D3000000-0000-0000-0000-000000000003}.Debug|x86.ActiveCfg = Debug|Any CPU
		{D3000000-0000-0000-0000-000000000003}.Debug|x86.Build.0 = Debug|Any CPU
		{D3000000-0000-0000-0000-000000000003}.Release|Any CPU.ActiveCfg = Release|Any CPU
		{D3000000-0000-0000-0000-000000000003}.Release|Any CPU.Build.0 = Release|Any CPU
		{D3000000-0000-0000-0000-000000000003}.Release|x64.ActiveCfg = Release|Any CPU
		{D3000000-0000-0000-0000-000000000003}.Release|x64.Build.0 = Release|Any CPU
		{D3000000-0000-0000-0000-000000000003}.Release|x86.ActiveCfg = Release|Any CPU
		{D3000000-0000-0000-0000-000000000003}.Release|x86.Build.0 = Release|Any CPU
		{D3000000-0000-0000-0000-000000000002}.Debug|Any CPU.ActiveCfg = Debug|Any CPU
		{D3000000-0000-0000-0000-000000000002}.Debug|Any CPU.Build.0 = Debug|Any CPU
		{D3000000-0000-0000-0000-000000000002}.Debug|x64.ActiveCfg = Debug|Any CPU
		{D3000000-0000-0000-0000-000000000002}.Debug|x64.Build.0 = Debug|Any CPU
		{D3000000-0000-0000-0000-000000000002}.Debug|x86.ActiveCfg = Debug|Any CPU
		{D3000000-0000-0000-0000-000000000002}.Debug|x86.Build.0 = Debug|Any CPU
		{D3000000-0000-0000-0000-000000000002}.Release|Any CPU.ActiveCfg = Release|Any CPU
		{D3000000-0000-0000-0000-000000000002}.Release|Any CPU.Build.0 = Release|Any CPU
		{D3000000-0000-0000-0000-000000000002}.Release|x64.ActiveCfg = Release|Any CPU
		{D3000000-0000-0000-0000-000000000002}.Release|x64.Build.0 = Release|Any CPU
		{D3000000-0000-0000-0000-000000000002}.Release|x86.ActiveCfg = Release|Any CPU
		{D3000000-0000-0000-0000-000000000002}.Release|x86.Build.0 = Release|Any CPU
		{D3000000-0000-0000-0000-000000000004}.Debug|Any CPU.ActiveCfg = Debug|Any CPU
		{D3000000-0000-0000-0000-000000000004}.Debug|Any CPU.Build.0 = Debug|Any CPU
		{D3000000-0000-0000-0000-000000000004}.Debug|x64.ActiveCfg = Debug|Any CPU
		{D3000000-0000-0000-0000-000000000004}.Debug|x64.Build.0 = Debug|Any CPU
		{D3000000-0000-0000-0000-000000000004}.Debug|x86.ActiveCfg = Debug|Any CPU
		{D3000000-0000-0000-0000-000000000004}.Debug|x86.Build.0 = Debug|Any CPU
		{D3000000-0000-0000-0000-000000000004}.Release|Any CPU.ActiveCfg = Release|Any CPU
		{D3000000-0000-0000-0000-000000000004}.Release|Any CPU.Build.0 = Release|Any CPU
		{D3000000-0000-0000-0000-000000000004}.Release|x64.ActiveCfg = Release|Any CPU
		{D3000000-0000-0000-0000-000000000004}.Release|x64.Build.0 = Release|Any CPU
		{D3000000-0000-0000-0000-000000000004}.Release|x86.ActiveCfg = Release|Any CPU
		{D3000000-0000-0000-0000-000000000004}.Release|x86.Build.0 = Release|Any CPU
		{D3000000-0000-0000-0000-000000000001}.Debug|Any CPU.ActiveCfg = Debug|Any CPU
		{D3000000-0000-0000-0000-000000000001}.Debug|Any CPU.Build.0 = Debug|Any CPU
		{D3000000-0000-0000-0000-000000000001}.Debug|x64.ActiveCfg = Debug|Any CPU
		{D3000000-0000-0000-0000-000000000001}.Debug|x64.Build.0 = Debug|Any CPU
		{D3000000-0000-0000-0000-000000000001}.Debug|x86.ActiveCfg = Debug|Any CPU
		{D3000000-0000-0000-0000-000000000001}.Debug|x86.Build.0 = Debug|Any CPU
		{D3000000-0000-0000-0000-000000000001}.Release|Any CPU.ActiveCfg = Release|Any CPU
		{D3000000-0000-0000-0000-000000000001}.Release|Any CPU.Build.0 = Release|Any CPU
		{D3000000-0000-0000-0000-000000000001}.Release|x64.ActiveCfg = Release|Any CPU
		{D3000000-0000-0000-0000-000000000001}.Release|x64.Build.0 = Release|Any CPU
		{D3000000-0000-0000-0000-000000000001}.Release|x86.ActiveCfg = Release|Any CPU
		{D3000000-0000-0000-0000-000000000001}.Release|x86.Build.0 = Release|Any CPU
		{D4000000-0000-0000-0000-000000000002}.Debug|Any CPU.ActiveCfg = Debug|Any CPU
		{D4000000-0000-0000-0000-000000000002}.Debug|Any CPU.Build.0 = Debug|Any CPU
		{D4000000-0000-0000-0000-000000000002}.Debug|x64.ActiveCfg = Debug|Any CPU
		{D4000000-0000-0000-0000-000000000002}.Debug|x64.Build.0 = Debug|Any CPU
		{D4000000-0000-0000-0000-000000000002}.Debug|x86.ActiveCfg = Debug|Any CPU
		{D4000000-0000-0000-0000-000000000002}.Debug|x86.Build.0 = Debug|Any CPU
		{D4000000-0000-0000-0000-000000000002}.Release|Any CPU.ActiveCfg = Release|Any CPU
		{D4000000-0000-0000-0000-000000000002}.Release|Any CPU.Build.0 = Release|Any CPU
		{D4000000-0000-0000-0000-000000000002}.Release|x64.ActiveCfg = Release|Any CPU
		{D4000000-0000-0000-0000-000000000002}.Release|x64.Build.0 = Release|Any CPU
		{D4000000-0000-0000-0000-000000000002}.Release|x86.ActiveCfg = Release|Any CPU
		{D4000000-0000-0000-0000-000000000002}.Release|x86.Build.0 = Release|Any CPU
		{D4000000-0000-0000-0000-000000000004}.Debug|Any CPU.ActiveCfg = Debug|Any CPU
		{D4000000-0000-0000-0000-000000000004}.Debug|Any CPU.Build.0 = Debug|Any CPU
		{D4000000-0000-0000-0000-000000000004}.Debug|x64.ActiveCfg = Debug|Any CPU
		{D4000000-0000-0000-0000-000000000004}.Debug|x64.Build.0 = Debug|Any CPU
		{D4000000-0000-0000-0000-000000000004}.Debug|x86.ActiveCfg = Debug|Any CPU
		{D4000000-0000-0000-0000-000000000004}.Debug|x86.Build.0 = Debug|Any CPU
		{D4000000-0000-0000-0000-000000000004}.Release|Any CPU.ActiveCfg = Release|Any CPU
		{D4000000-0000-0000-0000-000000000004}.Release|Any CPU.Build.0 = Release|Any CPU
		{D4000000-0000-0000-0000-000000000004}.Release|x64.ActiveCfg = Release|Any CPU
		{D4000000-0000-0000-0000-000000000004}.Release|x64.Build.0 = Release|Any CPU
		{D4000000-0000-0000-0000-000000000004}.Release|x86.ActiveCfg = Release|Any CPU
		{D4000000-0000-0000-0000-000000000004}.Release|x86.Build.0 = Release|Any CPU
		{D4000000-0000-0000-0000-000000000001}.Debug|Any CPU.ActiveCfg = Debug|Any CPU
		{D4000000-0000-0000-0000-000000000001}.Debug|Any CPU.Build.0 = Debug|Any CPU
		{D4000000-0000-0000-0000-000000000001}.Debug|x64.ActiveCfg = Debug|Any CPU
		{D4000000-0000-0000-0000-000000000001}.Debug|x64.Build.0 = Debug|Any CPU
		{D4000000-0000-0000-0000-000000000001}.Debug|x86.ActiveCfg = Debug|Any CPU
		{D4000000-0000-0000-0000-000000000001}.Debug|x86.Build.0 = Debug|Any CPU
		{D4000000-0000-0000-0000-000000000001}.Release|Any CPU.ActiveCfg = Release|Any CPU
		{D4000000-0000-0000-0000-000000000001}.Release|Any CPU.Build.0 = Release|Any CPU
		{D4000000-0000-0000-0000-000000000001}.Release|x64.ActiveCfg = Release|Any CPU
		{D4000000-0000-0000-0000-000000000001}.Release|x64.Build.0 = Release|Any CPU
		{D4000000-0000-0000-0000-000000000001}.Release|x86.ActiveCfg = Release|Any CPU
		{D4000000-0000-0000-0000-000000000001}.Release|x86.Build.0 = Release|Any CPU
		{E1000000-0000-0000-0000-000000000001}.Debug|Any CPU.ActiveCfg = Debug|Any CPU
		{E1000000-0000-0000-0000-000000000001}.Debug|Any CPU.Build.0 = Debug|Any CPU
		{E1000000-0000-0000-0000-000000000001}.Debug|x64.ActiveCfg = Debug|Any CPU
		{E1000000-0000-0000-0000-000000000001}.Debug|x64.Build.0 = Debug|Any CPU
		{E1000000-0000-0000-0000-000000000001}.Debug|x86.ActiveCfg = Debug|Any CPU
		{E1000000-0000-0000-0000-000000000001}.Debug|x86.Build.0 = Debug|Any CPU
		{E1000000-0000-0000-0000-000000000001}.Release|Any CPU.ActiveCfg = Release|Any CPU
		{E1000000-0000-0000-0000-000000000001}.Release|Any CPU.Build.0 = Release|Any CPU
		{E1000000-0000-0000-0000-000000000001}.Release|x64.ActiveCfg = Release|Any CPU
		{E1000000-0000-0000-0000-000000000001}.Release|x64.Build.0 = Release|Any CPU
		{E1000000-0000-0000-0000-000000000001}.Release|x86.ActiveCfg = Release|Any CPU
		{E1000000-0000-0000-0000-000000000001}.Release|x86.Build.0 = Release|Any CPU
		{E2000000-0000-0000-0000-000000000001}.Debug|Any CPU.ActiveCfg = Debug|Any CPU
		{E2000000-0000-0000-0000-000000000001}.Debug|Any CPU.Build.0 = Debug|Any CPU
		{E2000000-0000-0000-0000-000000000001}.Debug|x64.ActiveCfg = Debug|Any CPU
		{E2000000-0000-0000-0000-000000000001}.Debug|x64.Build.0 = Debug|Any CPU
		{E2000000-0000-0000-0000-000000000001}.Debug|x86.ActiveCfg = Debug|Any CPU
		{E2000000-0000-0000-0000-000000000001}.Debug|x86.Build.0 = Debug|Any CPU
		{E2000000-0000-0000-0000-000000000001}.Release|Any CPU.ActiveCfg = Release|Any CPU
		{E2000000-0000-0000-0000-000000000001}.Release|Any CPU.Build.0 = Release|Any CPU
		{E2000000-0000-0000-0000-000000000001}.Release|x64.ActiveCfg = Release|Any CPU
		{E2000000-0000-0000-0000-000000000001}.Release|x64.Build.0 = Release|Any CPU
		{E2000000-0000-0000-0000-000000000001}.Release|x86.ActiveCfg = Release|Any CPU
		{E2000000-0000-0000-0000-000000000001}.Release|x86.Build.0 = Release|Any CPU
		{2DABFE20-4E91-460D-B54A-A4C398E05D7E}.Debug|Any CPU.ActiveCfg = Debug|Any CPU
		{2DABFE20-4E91-460D-B54A-A4C398E05D7E}.Debug|Any CPU.Build.0 = Debug|Any CPU
		{2DABFE20-4E91-460D-B54A-A4C398E05D7E}.Debug|x64.ActiveCfg = Debug|Any CPU
		{2DABFE20-4E91-460D-B54A-A4C398E05D7E}.Debug|x64.Build.0 = Debug|Any CPU
		{2DABFE20-4E91-460D-B54A-A4C398E05D7E}.Debug|x86.ActiveCfg = Debug|Any CPU
		{2DABFE20-4E91-460D-B54A-A4C398E05D7E}.Debug|x86.Build.0 = Debug|Any CPU
		{2DABFE20-4E91-460D-B54A-A4C398E05D7E}.Release|Any CPU.ActiveCfg = Release|Any CPU
		{2DABFE20-4E91-460D-B54A-A4C398E05D7E}.Release|Any CPU.Build.0 = Release|Any CPU
		{2DABFE20-4E91-460D-B54A-A4C398E05D7E}.Release|x64.ActiveCfg = Release|Any CPU
		{2DABFE20-4E91-460D-B54A-A4C398E05D7E}.Release|x64.Build.0 = Release|Any CPU
		{2DABFE20-4E91-460D-B54A-A4C398E05D7E}.Release|x86.ActiveCfg = Release|Any CPU
		{2DABFE20-4E91-460D-B54A-A4C398E05D7E}.Release|x86.Build.0 = Release|Any CPU
		{95C164F8-0813-43C5-9416-EC52B98878A6}.Debug|Any CPU.ActiveCfg = Debug|Any CPU
		{95C164F8-0813-43C5-9416-EC52B98878A6}.Debug|Any CPU.Build.0 = Debug|Any CPU
		{95C164F8-0813-43C5-9416-EC52B98878A6}.Debug|x64.ActiveCfg = Debug|Any CPU
		{95C164F8-0813-43C5-9416-EC52B98878A6}.Debug|x64.Build.0 = Debug|Any CPU
		{95C164F8-0813-43C5-9416-EC52B98878A6}.Debug|x86.ActiveCfg = Debug|Any CPU
		{95C164F8-0813-43C5-9416-EC52B98878A6}.Debug|x86.Build.0 = Debug|Any CPU
		{95C164F8-0813-43C5-9416-EC52B98878A6}.Release|Any CPU.ActiveCfg = Release|Any CPU
		{95C164F8-0813-43C5-9416-EC52B98878A6}.Release|Any CPU.Build.0 = Release|Any CPU
		{95C164F8-0813-43C5-9416-EC52B98878A6}.Release|x64.ActiveCfg = Release|Any CPU
		{95C164F8-0813-43C5-9416-EC52B98878A6}.Release|x64.Build.0 = Release|Any CPU
		{95C164F8-0813-43C5-9416-EC52B98878A6}.Release|x86.ActiveCfg = Release|Any CPU
		{95C164F8-0813-43C5-9416-EC52B98878A6}.Release|x86.Build.0 = Release|Any CPU
		{F9BFE604-BD8D-46F4-8DB6-1047F9849D7B}.Debug|Any CPU.ActiveCfg = Debug|Any CPU
		{F9BFE604-BD8D-46F4-8DB6-1047F9849D7B}.Debug|Any CPU.Build.0 = Debug|Any CPU
		{F9BFE604-BD8D-46F4-8DB6-1047F9849D7B}.Debug|x64.ActiveCfg = Debug|Any CPU
		{F9BFE604-BD8D-46F4-8DB6-1047F9849D7B}.Debug|x64.Build.0 = Debug|Any CPU
		{F9BFE604-BD8D-46F4-8DB6-1047F9849D7B}.Debug|x86.ActiveCfg = Debug|Any CPU
		{F9BFE604-BD8D-46F4-8DB6-1047F9849D7B}.Debug|x86.Build.0 = Debug|Any CPU
		{F9BFE604-BD8D-46F4-8DB6-1047F9849D7B}.Release|Any CPU.ActiveCfg = Release|Any CPU
		{F9BFE604-BD8D-46F4-8DB6-1047F9849D7B}.Release|Any CPU.Build.0 = Release|Any CPU
		{F9BFE604-BD8D-46F4-8DB6-1047F9849D7B}.Release|x64.ActiveCfg = Release|Any CPU
		{F9BFE604-BD8D-46F4-8DB6-1047F9849D7B}.Release|x64.Build.0 = Release|Any CPU
		{F9BFE604-BD8D-46F4-8DB6-1047F9849D7B}.Release|x86.ActiveCfg = Release|Any CPU
		{F9BFE604-BD8D-46F4-8DB6-1047F9849D7B}.Release|x86.Build.0 = Release|Any CPU
		{0CD2EF9D-21A8-4259-BCAE-EB4B240E533E}.Debug|Any CPU.ActiveCfg = Debug|Any CPU
		{0CD2EF9D-21A8-4259-BCAE-EB4B240E533E}.Debug|Any CPU.Build.0 = Debug|Any CPU
		{0CD2EF9D-21A8-4259-BCAE-EB4B240E533E}.Debug|x64.ActiveCfg = Debug|Any CPU
		{0CD2EF9D-21A8-4259-BCAE-EB4B240E533E}.Debug|x64.Build.0 = Debug|Any CPU
		{0CD2EF9D-21A8-4259-BCAE-EB4B240E533E}.Debug|x86.ActiveCfg = Debug|Any CPU
		{0CD2EF9D-21A8-4259-BCAE-EB4B240E533E}.Debug|x86.Build.0 = Debug|Any CPU
		{0CD2EF9D-21A8-4259-BCAE-EB4B240E533E}.Release|Any CPU.ActiveCfg = Release|Any CPU
		{0CD2EF9D-21A8-4259-BCAE-EB4B240E533E}.Release|Any CPU.Build.0 = Release|Any CPU
		{0CD2EF9D-21A8-4259-BCAE-EB4B240E533E}.Release|x64.ActiveCfg = Release|Any CPU
		{0CD2EF9D-21A8-4259-BCAE-EB4B240E533E}.Release|x64.Build.0 = Release|Any CPU
		{0CD2EF9D-21A8-4259-BCAE-EB4B240E533E}.Release|x86.ActiveCfg = Release|Any CPU
		{0CD2EF9D-21A8-4259-BCAE-EB4B240E533E}.Release|x86.Build.0 = Release|Any CPU
		{D2CB1317-DA35-40F7-ACFA-BF6256736BC5}.Debug|Any CPU.ActiveCfg = Debug|Any CPU
		{D2CB1317-DA35-40F7-ACFA-BF6256736BC5}.Debug|Any CPU.Build.0 = Debug|Any CPU
		{D2CB1317-DA35-40F7-ACFA-BF6256736BC5}.Debug|x64.ActiveCfg = Debug|Any CPU
		{D2CB1317-DA35-40F7-ACFA-BF6256736BC5}.Debug|x64.Build.0 = Debug|Any CPU
		{D2CB1317-DA35-40F7-ACFA-BF6256736BC5}.Debug|x86.ActiveCfg = Debug|Any CPU
		{D2CB1317-DA35-40F7-ACFA-BF6256736BC5}.Debug|x86.Build.0 = Debug|Any CPU
		{D2CB1317-DA35-40F7-ACFA-BF6256736BC5}.Release|Any CPU.ActiveCfg = Release|Any CPU
		{D2CB1317-DA35-40F7-ACFA-BF6256736BC5}.Release|Any CPU.Build.0 = Release|Any CPU
		{D2CB1317-DA35-40F7-ACFA-BF6256736BC5}.Release|x64.ActiveCfg = Release|Any CPU
		{D2CB1317-DA35-40F7-ACFA-BF6256736BC5}.Release|x64.Build.0 = Release|Any CPU
		{D2CB1317-DA35-40F7-ACFA-BF6256736BC5}.Release|x86.ActiveCfg = Release|Any CPU
		{D2CB1317-DA35-40F7-ACFA-BF6256736BC5}.Release|x86.Build.0 = Release|Any CPU
		{A64E688A-8695-4DB2-85B9-E088EB3B8B47}.Debug|Any CPU.ActiveCfg = Debug|Any CPU
		{A64E688A-8695-4DB2-85B9-E088EB3B8B47}.Debug|Any CPU.Build.0 = Debug|Any CPU
		{A64E688A-8695-4DB2-85B9-E088EB3B8B47}.Debug|x64.ActiveCfg = Debug|Any CPU
		{A64E688A-8695-4DB2-85B9-E088EB3B8B47}.Debug|x64.Build.0 = Debug|Any CPU
		{A64E688A-8695-4DB2-85B9-E088EB3B8B47}.Debug|x86.ActiveCfg = Debug|Any CPU
		{A64E688A-8695-4DB2-85B9-E088EB3B8B47}.Debug|x86.Build.0 = Debug|Any CPU
		{A64E688A-8695-4DB2-85B9-E088EB3B8B47}.Release|Any CPU.ActiveCfg = Release|Any CPU
		{A64E688A-8695-4DB2-85B9-E088EB3B8B47}.Release|Any CPU.Build.0 = Release|Any CPU
		{A64E688A-8695-4DB2-85B9-E088EB3B8B47}.Release|x64.ActiveCfg = Release|Any CPU
		{A64E688A-8695-4DB2-85B9-E088EB3B8B47}.Release|x64.Build.0 = Release|Any CPU
		{A64E688A-8695-4DB2-85B9-E088EB3B8B47}.Release|x86.ActiveCfg = Release|Any CPU
		{A64E688A-8695-4DB2-85B9-E088EB3B8B47}.Release|x86.Build.0 = Release|Any CPU
		{0C0BD189-36D7-4C58-990A-D5F37C908B66}.Debug|Any CPU.ActiveCfg = Debug|Any CPU
		{0C0BD189-36D7-4C58-990A-D5F37C908B66}.Debug|Any CPU.Build.0 = Debug|Any CPU
		{0C0BD189-36D7-4C58-990A-D5F37C908B66}.Debug|x64.ActiveCfg = Debug|Any CPU
		{0C0BD189-36D7-4C58-990A-D5F37C908B66}.Debug|x64.Build.0 = Debug|Any CPU
		{0C0BD189-36D7-4C58-990A-D5F37C908B66}.Debug|x86.ActiveCfg = Debug|Any CPU
		{0C0BD189-36D7-4C58-990A-D5F37C908B66}.Debug|x86.Build.0 = Debug|Any CPU
		{0C0BD189-36D7-4C58-990A-D5F37C908B66}.Release|Any CPU.ActiveCfg = Release|Any CPU
		{0C0BD189-36D7-4C58-990A-D5F37C908B66}.Release|Any CPU.Build.0 = Release|Any CPU
		{0C0BD189-36D7-4C58-990A-D5F37C908B66}.Release|x64.ActiveCfg = Release|Any CPU
		{0C0BD189-36D7-4C58-990A-D5F37C908B66}.Release|x64.Build.0 = Release|Any CPU
		{0C0BD189-36D7-4C58-990A-D5F37C908B66}.Release|x86.ActiveCfg = Release|Any CPU
		{0C0BD189-36D7-4C58-990A-D5F37C908B66}.Release|x86.Build.0 = Release|Any CPU
		{0BCB6F9E-29CF-4AA6-98B2-595E5C66841B}.Debug|Any CPU.ActiveCfg = Debug|Any CPU
		{0BCB6F9E-29CF-4AA6-98B2-595E5C66841B}.Debug|Any CPU.Build.0 = Debug|Any CPU
		{0BCB6F9E-29CF-4AA6-98B2-595E5C66841B}.Debug|x64.ActiveCfg = Debug|Any CPU
		{0BCB6F9E-29CF-4AA6-98B2-595E5C66841B}.Debug|x64.Build.0 = Debug|Any CPU
		{0BCB6F9E-29CF-4AA6-98B2-595E5C66841B}.Debug|x86.ActiveCfg = Debug|Any CPU
		{0BCB6F9E-29CF-4AA6-98B2-595E5C66841B}.Debug|x86.Build.0 = Debug|Any CPU
		{0BCB6F9E-29CF-4AA6-98B2-595E5C66841B}.Release|Any CPU.ActiveCfg = Release|Any CPU
		{0BCB6F9E-29CF-4AA6-98B2-595E5C66841B}.Release|Any CPU.Build.0 = Release|Any CPU
		{0BCB6F9E-29CF-4AA6-98B2-595E5C66841B}.Release|x64.ActiveCfg = Release|Any CPU
		{0BCB6F9E-29CF-4AA6-98B2-595E5C66841B}.Release|x64.Build.0 = Release|Any CPU
		{0BCB6F9E-29CF-4AA6-98B2-595E5C66841B}.Release|x86.ActiveCfg = Release|Any CPU
		{0BCB6F9E-29CF-4AA6-98B2-595E5C66841B}.Release|x86.Build.0 = Release|Any CPU
		{BC6FCB94-851D-441B-AB54-7D6CCCB40AF0}.Debug|Any CPU.ActiveCfg = Debug|Any CPU
		{BC6FCB94-851D-441B-AB54-7D6CCCB40AF0}.Debug|Any CPU.Build.0 = Debug|Any CPU
		{BC6FCB94-851D-441B-AB54-7D6CCCB40AF0}.Debug|x64.ActiveCfg = Debug|Any CPU
		{BC6FCB94-851D-441B-AB54-7D6CCCB40AF0}.Debug|x64.Build.0 = Debug|Any CPU
		{BC6FCB94-851D-441B-AB54-7D6CCCB40AF0}.Debug|x86.ActiveCfg = Debug|Any CPU
		{BC6FCB94-851D-441B-AB54-7D6CCCB40AF0}.Debug|x86.Build.0 = Debug|Any CPU
		{BC6FCB94-851D-441B-AB54-7D6CCCB40AF0}.Release|Any CPU.ActiveCfg = Release|Any CPU
		{BC6FCB94-851D-441B-AB54-7D6CCCB40AF0}.Release|Any CPU.Build.0 = Release|Any CPU
		{BC6FCB94-851D-441B-AB54-7D6CCCB40AF0}.Release|x64.ActiveCfg = Release|Any CPU
		{BC6FCB94-851D-441B-AB54-7D6CCCB40AF0}.Release|x64.Build.0 = Release|Any CPU
		{BC6FCB94-851D-441B-AB54-7D6CCCB40AF0}.Release|x86.ActiveCfg = Release|Any CPU
		{BC6FCB94-851D-441B-AB54-7D6CCCB40AF0}.Release|x86.Build.0 = Release|Any CPU
		{E22D7903-7FF3-48D0-BB6A-A9DABE9C8068}.Debug|Any CPU.ActiveCfg = Debug|Any CPU
		{E22D7903-7FF3-48D0-BB6A-A9DABE9C8068}.Debug|Any CPU.Build.0 = Debug|Any CPU
		{E22D7903-7FF3-48D0-BB6A-A9DABE9C8068}.Debug|x64.ActiveCfg = Debug|Any CPU
		{E22D7903-7FF3-48D0-BB6A-A9DABE9C8068}.Debug|x64.Build.0 = Debug|Any CPU
		{E22D7903-7FF3-48D0-BB6A-A9DABE9C8068}.Debug|x86.ActiveCfg = Debug|Any CPU
		{E22D7903-7FF3-48D0-BB6A-A9DABE9C8068}.Debug|x86.Build.0 = Debug|Any CPU
		{E22D7903-7FF3-48D0-BB6A-A9DABE9C8068}.Release|Any CPU.ActiveCfg = Release|Any CPU
		{E22D7903-7FF3-48D0-BB6A-A9DABE9C8068}.Release|Any CPU.Build.0 = Release|Any CPU
		{E22D7903-7FF3-48D0-BB6A-A9DABE9C8068}.Release|x64.ActiveCfg = Release|Any CPU
		{E22D7903-7FF3-48D0-BB6A-A9DABE9C8068}.Release|x64.Build.0 = Release|Any CPU
		{E22D7903-7FF3-48D0-BB6A-A9DABE9C8068}.Release|x86.ActiveCfg = Release|Any CPU
		{E22D7903-7FF3-48D0-BB6A-A9DABE9C8068}.Release|x86.Build.0 = Release|Any CPU
		{ABC8A95D-CFCB-4624-BAD8-55728003F2D8}.Debug|Any CPU.ActiveCfg = Debug|Any CPU
		{ABC8A95D-CFCB-4624-BAD8-55728003F2D8}.Debug|Any CPU.Build.0 = Debug|Any CPU
		{ABC8A95D-CFCB-4624-BAD8-55728003F2D8}.Debug|x64.ActiveCfg = Debug|Any CPU
		{ABC8A95D-CFCB-4624-BAD8-55728003F2D8}.Debug|x64.Build.0 = Debug|Any CPU
		{ABC8A95D-CFCB-4624-BAD8-55728003F2D8}.Debug|x86.ActiveCfg = Debug|Any CPU
		{ABC8A95D-CFCB-4624-BAD8-55728003F2D8}.Debug|x86.Build.0 = Debug|Any CPU
		{ABC8A95D-CFCB-4624-BAD8-55728003F2D8}.Release|Any CPU.ActiveCfg = Release|Any CPU
		{ABC8A95D-CFCB-4624-BAD8-55728003F2D8}.Release|Any CPU.Build.0 = Release|Any CPU
		{ABC8A95D-CFCB-4624-BAD8-55728003F2D8}.Release|x64.ActiveCfg = Release|Any CPU
		{ABC8A95D-CFCB-4624-BAD8-55728003F2D8}.Release|x64.Build.0 = Release|Any CPU
		{ABC8A95D-CFCB-4624-BAD8-55728003F2D8}.Release|x86.ActiveCfg = Release|Any CPU
		{ABC8A95D-CFCB-4624-BAD8-55728003F2D8}.Release|x86.Build.0 = Release|Any CPU
		{E12BE87F-7EC8-4B0C-AC01-AC095375D657}.Debug|Any CPU.ActiveCfg = Debug|Any CPU
		{E12BE87F-7EC8-4B0C-AC01-AC095375D657}.Debug|Any CPU.Build.0 = Debug|Any CPU
		{E12BE87F-7EC8-4B0C-AC01-AC095375D657}.Debug|x64.ActiveCfg = Debug|Any CPU
		{E12BE87F-7EC8-4B0C-AC01-AC095375D657}.Debug|x64.Build.0 = Debug|Any CPU
		{E12BE87F-7EC8-4B0C-AC01-AC095375D657}.Debug|x86.ActiveCfg = Debug|Any CPU
		{E12BE87F-7EC8-4B0C-AC01-AC095375D657}.Debug|x86.Build.0 = Debug|Any CPU
		{E12BE87F-7EC8-4B0C-AC01-AC095375D657}.Release|Any CPU.ActiveCfg = Release|Any CPU
		{E12BE87F-7EC8-4B0C-AC01-AC095375D657}.Release|Any CPU.Build.0 = Release|Any CPU
		{E12BE87F-7EC8-4B0C-AC01-AC095375D657}.Release|x64.ActiveCfg = Release|Any CPU
		{E12BE87F-7EC8-4B0C-AC01-AC095375D657}.Release|x64.Build.0 = Release|Any CPU
		{E12BE87F-7EC8-4B0C-AC01-AC095375D657}.Release|x86.ActiveCfg = Release|Any CPU
		{E12BE87F-7EC8-4B0C-AC01-AC095375D657}.Release|x86.Build.0 = Release|Any CPU
		{A968093A-CD1D-4576-A70F-3442EEF667BA}.Debug|Any CPU.ActiveCfg = Debug|Any CPU
		{A968093A-CD1D-4576-A70F-3442EEF667BA}.Debug|Any CPU.Build.0 = Debug|Any CPU
		{A968093A-CD1D-4576-A70F-3442EEF667BA}.Debug|x64.ActiveCfg = Debug|Any CPU
		{A968093A-CD1D-4576-A70F-3442EEF667BA}.Debug|x64.Build.0 = Debug|Any CPU
		{A968093A-CD1D-4576-A70F-3442EEF667BA}.Debug|x86.ActiveCfg = Debug|Any CPU
		{A968093A-CD1D-4576-A70F-3442EEF667BA}.Debug|x86.Build.0 = Debug|Any CPU
		{A968093A-CD1D-4576-A70F-3442EEF667BA}.Release|Any CPU.ActiveCfg = Release|Any CPU
		{A968093A-CD1D-4576-A70F-3442EEF667BA}.Release|Any CPU.Build.0 = Release|Any CPU
		{A968093A-CD1D-4576-A70F-3442EEF667BA}.Release|x64.ActiveCfg = Release|Any CPU
		{A968093A-CD1D-4576-A70F-3442EEF667BA}.Release|x64.Build.0 = Release|Any CPU
		{A968093A-CD1D-4576-A70F-3442EEF667BA}.Release|x86.ActiveCfg = Release|Any CPU
		{A968093A-CD1D-4576-A70F-3442EEF667BA}.Release|x86.Build.0 = Release|Any CPU
		{FB51C9EA-344E-47A2-850E-7ED85FCE006D}.Debug|Any CPU.ActiveCfg = Debug|Any CPU
		{FB51C9EA-344E-47A2-850E-7ED85FCE006D}.Debug|Any CPU.Build.0 = Debug|Any CPU
		{FB51C9EA-344E-47A2-850E-7ED85FCE006D}.Debug|x64.ActiveCfg = Debug|Any CPU
		{FB51C9EA-344E-47A2-850E-7ED85FCE006D}.Debug|x64.Build.0 = Debug|Any CPU
		{FB51C9EA-344E-47A2-850E-7ED85FCE006D}.Debug|x86.ActiveCfg = Debug|Any CPU
		{FB51C9EA-344E-47A2-850E-7ED85FCE006D}.Debug|x86.Build.0 = Debug|Any CPU
		{FB51C9EA-344E-47A2-850E-7ED85FCE006D}.Release|Any CPU.ActiveCfg = Release|Any CPU
		{FB51C9EA-344E-47A2-850E-7ED85FCE006D}.Release|Any CPU.Build.0 = Release|Any CPU
		{FB51C9EA-344E-47A2-850E-7ED85FCE006D}.Release|x64.ActiveCfg = Release|Any CPU
		{FB51C9EA-344E-47A2-850E-7ED85FCE006D}.Release|x64.Build.0 = Release|Any CPU
		{FB51C9EA-344E-47A2-850E-7ED85FCE006D}.Release|x86.ActiveCfg = Release|Any CPU
		{FB51C9EA-344E-47A2-850E-7ED85FCE006D}.Release|x86.Build.0 = Release|Any CPU
		{9EF15919-1A15-40BC-BD91-A60CC5594E22}.Debug|Any CPU.ActiveCfg = Debug|Any CPU
		{9EF15919-1A15-40BC-BD91-A60CC5594E22}.Debug|Any CPU.Build.0 = Debug|Any CPU
		{9EF15919-1A15-40BC-BD91-A60CC5594E22}.Debug|x64.ActiveCfg = Debug|Any CPU
		{9EF15919-1A15-40BC-BD91-A60CC5594E22}.Debug|x64.Build.0 = Debug|Any CPU
		{9EF15919-1A15-40BC-BD91-A60CC5594E22}.Debug|x86.ActiveCfg = Debug|Any CPU
		{9EF15919-1A15-40BC-BD91-A60CC5594E22}.Debug|x86.Build.0 = Debug|Any CPU
		{9EF15919-1A15-40BC-BD91-A60CC5594E22}.Release|Any CPU.ActiveCfg = Release|Any CPU
		{9EF15919-1A15-40BC-BD91-A60CC5594E22}.Release|Any CPU.Build.0 = Release|Any CPU
		{9EF15919-1A15-40BC-BD91-A60CC5594E22}.Release|x64.ActiveCfg = Release|Any CPU
		{9EF15919-1A15-40BC-BD91-A60CC5594E22}.Release|x64.Build.0 = Release|Any CPU
		{9EF15919-1A15-40BC-BD91-A60CC5594E22}.Release|x86.ActiveCfg = Release|Any CPU
		{9EF15919-1A15-40BC-BD91-A60CC5594E22}.Release|x86.Build.0 = Release|Any CPU
		{E95DFB2B-B125-4B1B-9063-AB8A8B75E367}.Debug|Any CPU.ActiveCfg = Debug|Any CPU
		{E95DFB2B-B125-4B1B-9063-AB8A8B75E367}.Debug|Any CPU.Build.0 = Debug|Any CPU
		{E95DFB2B-B125-4B1B-9063-AB8A8B75E367}.Debug|x64.ActiveCfg = Debug|Any CPU
		{E95DFB2B-B125-4B1B-9063-AB8A8B75E367}.Debug|x64.Build.0 = Debug|Any CPU
		{E95DFB2B-B125-4B1B-9063-AB8A8B75E367}.Debug|x86.ActiveCfg = Debug|Any CPU
		{E95DFB2B-B125-4B1B-9063-AB8A8B75E367}.Debug|x86.Build.0 = Debug|Any CPU
		{E95DFB2B-B125-4B1B-9063-AB8A8B75E367}.Release|Any CPU.ActiveCfg = Release|Any CPU
		{E95DFB2B-B125-4B1B-9063-AB8A8B75E367}.Release|Any CPU.Build.0 = Release|Any CPU
		{E95DFB2B-B125-4B1B-9063-AB8A8B75E367}.Release|x64.ActiveCfg = Release|Any CPU
		{E95DFB2B-B125-4B1B-9063-AB8A8B75E367}.Release|x64.Build.0 = Release|Any CPU
		{E95DFB2B-B125-4B1B-9063-AB8A8B75E367}.Release|x86.ActiveCfg = Release|Any CPU
		{E95DFB2B-B125-4B1B-9063-AB8A8B75E367}.Release|x86.Build.0 = Release|Any CPU
		{40925E1F-E4F0-438D-AA22-14E258A44CE1}.Debug|Any CPU.ActiveCfg = Debug|Any CPU
		{40925E1F-E4F0-438D-AA22-14E258A44CE1}.Debug|Any CPU.Build.0 = Debug|Any CPU
		{40925E1F-E4F0-438D-AA22-14E258A44CE1}.Debug|x64.ActiveCfg = Debug|Any CPU
		{40925E1F-E4F0-438D-AA22-14E258A44CE1}.Debug|x64.Build.0 = Debug|Any CPU
		{40925E1F-E4F0-438D-AA22-14E258A44CE1}.Debug|x86.ActiveCfg = Debug|Any CPU
		{40925E1F-E4F0-438D-AA22-14E258A44CE1}.Debug|x86.Build.0 = Debug|Any CPU
		{40925E1F-E4F0-438D-AA22-14E258A44CE1}.Release|Any CPU.ActiveCfg = Release|Any CPU
		{40925E1F-E4F0-438D-AA22-14E258A44CE1}.Release|Any CPU.Build.0 = Release|Any CPU
		{40925E1F-E4F0-438D-AA22-14E258A44CE1}.Release|x64.ActiveCfg = Release|Any CPU
		{40925E1F-E4F0-438D-AA22-14E258A44CE1}.Release|x64.Build.0 = Release|Any CPU
		{40925E1F-E4F0-438D-AA22-14E258A44CE1}.Release|x86.ActiveCfg = Release|Any CPU
		{40925E1F-E4F0-438D-AA22-14E258A44CE1}.Release|x86.Build.0 = Release|Any CPU
		{FADC5A9B-915D-49A2-8D9D-96CC3145AECF}.Debug|Any CPU.ActiveCfg = Debug|Any CPU
		{FADC5A9B-915D-49A2-8D9D-96CC3145AECF}.Debug|Any CPU.Build.0 = Debug|Any CPU
		{FADC5A9B-915D-49A2-8D9D-96CC3145AECF}.Debug|x64.ActiveCfg = Debug|Any CPU
		{FADC5A9B-915D-49A2-8D9D-96CC3145AECF}.Debug|x64.Build.0 = Debug|Any CPU
		{FADC5A9B-915D-49A2-8D9D-96CC3145AECF}.Debug|x86.ActiveCfg = Debug|Any CPU
		{FADC5A9B-915D-49A2-8D9D-96CC3145AECF}.Debug|x86.Build.0 = Debug|Any CPU
		{FADC5A9B-915D-49A2-8D9D-96CC3145AECF}.Release|Any CPU.ActiveCfg = Release|Any CPU
		{FADC5A9B-915D-49A2-8D9D-96CC3145AECF}.Release|Any CPU.Build.0 = Release|Any CPU
		{FADC5A9B-915D-49A2-8D9D-96CC3145AECF}.Release|x64.ActiveCfg = Release|Any CPU
		{FADC5A9B-915D-49A2-8D9D-96CC3145AECF}.Release|x64.Build.0 = Release|Any CPU
		{FADC5A9B-915D-49A2-8D9D-96CC3145AECF}.Release|x86.ActiveCfg = Release|Any CPU
		{FADC5A9B-915D-49A2-8D9D-96CC3145AECF}.Release|x86.Build.0 = Release|Any CPU
	EndGlobalSection
	GlobalSection(SolutionProperties) = preSolution
		HideSolutionNode = FALSE
	EndGlobalSection
	GlobalSection(NestedProjects) = preSolution
		{B1000000-0000-0000-0000-000000000001} = {A2000000-0000-0000-0000-000000000002}
		{B2000000-0000-0000-0000-000000000002} = {A2000000-0000-0000-0000-000000000002}
		{B3000000-0000-0000-0000-000000000003} = {A2000000-0000-0000-0000-000000000002}
		{B4000000-0000-0000-0000-000000000004} = {A2000000-0000-0000-0000-000000000002}
		{C1000000-0000-0000-0000-000000000001} = {A1000000-0000-0000-0000-000000000001}
		{C2000000-0000-0000-0000-000000000001} = {A3000000-0000-0000-0000-000000000003}
		{C2000000-0000-0000-0000-000000000002} = {A3000000-0000-0000-0000-000000000003}
		{C2000000-0000-0000-0000-000000000003} = {A3000000-0000-0000-0000-000000000003}
		{D1000000-0000-0000-0000-000000000001} = {B1000000-0000-0000-0000-000000000001}
		{D1000000-0000-0000-0000-000000000002} = {B1000000-0000-0000-0000-000000000001}
		{D1000000-0000-0000-0000-000000000003} = {B1000000-0000-0000-0000-000000000001}
		{D1000000-0000-0000-0000-000000000004} = {B1000000-0000-0000-0000-000000000001}
		{D2000000-0000-0000-0000-000000000003} = {B2000000-0000-0000-0000-000000000002}
		{D2000000-0000-0000-0000-000000000002} = {B2000000-0000-0000-0000-000000000002}
		{D2000000-0000-0000-0000-000000000004} = {B2000000-0000-0000-0000-000000000002}
		{D2000000-0000-0000-0000-000000000001} = {B2000000-0000-0000-0000-000000000002}
		{D3000000-0000-0000-0000-000000000003} = {B3000000-0000-0000-0000-000000000003}
		{D3000000-0000-0000-0000-000000000002} = {B3000000-0000-0000-0000-000000000003}
		{D3000000-0000-0000-0000-000000000004} = {B3000000-0000-0000-0000-000000000003}
		{D3000000-0000-0000-0000-000000000001} = {B3000000-0000-0000-0000-000000000003}
		{D4000000-0000-0000-0000-000000000002} = {B4000000-0000-0000-0000-000000000004}
		{D4000000-0000-0000-0000-000000000004} = {B4000000-0000-0000-0000-000000000004}
		{D4000000-0000-0000-0000-000000000001} = {B4000000-0000-0000-0000-000000000004}
		{E1000000-0000-0000-0000-000000000001} = {0AB3BF05-4346-4AA6-1389-037BE0695223}
		{E2000000-0000-0000-0000-000000000001} = {0AB3BF05-4346-4AA6-1389-037BE0695223}
		{5D5F1A51-413C-51CF-0AA2-A9CBE0E1EBD9} = {A2000000-0000-0000-0000-000000000002}
		{2DABFE20-4E91-460D-B54A-A4C398E05D7E} = {5D5F1A51-413C-51CF-0AA2-A9CBE0E1EBD9}
		{95C164F8-0813-43C5-9416-EC52B98878A6} = {5D5F1A51-413C-51CF-0AA2-A9CBE0E1EBD9}
		{F9BFE604-BD8D-46F4-8DB6-1047F9849D7B} = {5D5F1A51-413C-51CF-0AA2-A9CBE0E1EBD9}
		{0CD2EF9D-21A8-4259-BCAE-EB4B240E533E} = {5D5F1A51-413C-51CF-0AA2-A9CBE0E1EBD9}
		{D2CB1317-DA35-40F7-ACFA-BF6256736BC5} = {0AB3BF05-4346-4AA6-1389-037BE0695223}
		{A64E688A-8695-4DB2-85B9-E088EB3B8B47} = {0AB3BF05-4346-4AA6-1389-037BE0695223}
		{0C0BD189-36D7-4C58-990A-D5F37C908B66} = {0AB3BF05-4346-4AA6-1389-037BE0695223}
		{0BCB6F9E-29CF-4AA6-98B2-595E5C66841B} = {0AB3BF05-4346-4AA6-1389-037BE0695223}
		{BC6FCB94-851D-441B-AB54-7D6CCCB40AF0} = {0AB3BF05-4346-4AA6-1389-037BE0695223}
		{E22D7903-7FF3-48D0-BB6A-A9DABE9C8068} = {0AB3BF05-4346-4AA6-1389-037BE0695223}
		{ABC8A95D-CFCB-4624-BAD8-55728003F2D8} = {0AB3BF05-4346-4AA6-1389-037BE0695223}
		{E12BE87F-7EC8-4B0C-AC01-AC095375D657} = {0AB3BF05-4346-4AA6-1389-037BE0695223}
		{A968093A-CD1D-4576-A70F-3442EEF667BA} = {0AB3BF05-4346-4AA6-1389-037BE0695223}
		{FB51C9EA-344E-47A2-850E-7ED85FCE006D} = {0AB3BF05-4346-4AA6-1389-037BE0695223}
		{B5000000-0000-0000-0000-000000000005} = {A2000000-0000-0000-0000-000000000002}
		{9EF15919-1A15-40BC-BD91-A60CC5594E22} = {B5000000-0000-0000-0000-000000000005}
		{E95DFB2B-B125-4B1B-9063-AB8A8B75E367} = {B5000000-0000-0000-0000-000000000005}
		{40925E1F-E4F0-438D-AA22-14E258A44CE1} = {B5000000-0000-0000-0000-000000000005}
		{FADC5A9B-915D-49A2-8D9D-96CC3145AECF} = {B5000000-0000-0000-0000-000000000005}
	EndGlobalSection
EndGlobal
